
Microsoft Visual Studio Solution File, Format Version 12.00
# Visual Studio Version 17
VisualStudioVersion = 17.4.33213.308
MinimumVisualStudioVersion = 10.0.40219.1
Project("{FAE04EC0-301F-11D3-BF4B-00C04F79EFBC}") = "Kuari.BlogMvcProject", "Kuari.BlogMvcProject\Kuari.BlogMvcProject.csproj", "{563E877F-081D-45C0-9D36-A59347F7EAA1}"
EndProject
Project("{FAE04EC0-301F-11D3-BF4B-00C04F79EFBC}") = "Kuari.Blog.Core", "Kuari.Blog.Core\Kuari.Blog.Core.csproj", "{DF6C5BED-0BE1-46DF-B6EA-EA1B2DA029D0}"
EndProject
Project("{FAE04EC0-301F-11D3-BF4B-00C04F79EFBC}") = "Kuari.Blog.Repository", "Kuari.Blog.Repository\Kuari.Blog.Repository.csproj", "{9C973190-54A8-4D99-99F8-E823F0C05602}"
EndProject
Project("{FAE04EC0-301F-11D3-BF4B-00C04F79EFBC}") = "Kuari.Blog.Service", "Kuari.Blog.Service\Kuari.Blog.Service.csproj", "{27E44D36-7EF0-42C9-B67A-F5C7B154A6DF}"
EndProject
Project("{FAE04EC0-301F-11D3-BF4B-00C04F79EFBC}") = "Kuari.Blog.SharedLibrary", "Kuari.Blog.SharedLibrary\Kuari.Blog.SharedLibrary.csproj", "{2A6E0393-DA89-494A-B467-47D84C230E8D}"
EndProject
Global
	GlobalSection(SolutionConfigurationPlatforms) = preSolution
		Debug|Any CPU = Debug|Any CPU
		Release|Any CPU = Release|Any CPU
	EndGlobalSection
	GlobalSection(ProjectConfigurationPlatforms) = postSolution
		{563E877F-081D-45C0-9D36-A59347F7EAA1}.Debug|Any CPU.ActiveCfg = Debug|Any CPU
		{563E877F-081D-45C0-9D36-A59347F7EAA1}.Debug|Any CPU.Build.0 = Debug|Any CPU
		{563E877F-081D-45C0-9D36-A59347F7EAA1}.Release|Any CPU.ActiveCfg = Release|Any CPU
		{563E877F-081D-45C0-9D36-A59347F7EAA1}.Release|Any CPU.Build.0 = Release|Any CPU
		{DF6C5BED-0BE1-46DF-B6EA-EA1B2DA029D0}.Debug|Any CPU.ActiveCfg = Debug|Any CPU
		{DF6C5BED-0BE1-46DF-B6EA-EA1B2DA029D0}.Debug|Any CPU.Build.0 = Debug|Any CPU
		{DF6C5BED-0BE1-46DF-B6EA-EA1B2DA029D0}.Release|Any CPU.ActiveCfg = Release|Any CPU
		{DF6C5BED-0BE1-46DF-B6EA-EA1B2DA029D0}.Release|Any CPU.Build.0 = Release|Any CPU
		{9C973190-54A8-4D99-99F8-E823F0C05602}.Debug|Any CPU.ActiveCfg = Debug|Any CPU
		{9C973190-54A8-4D99-99F8-E823F0C05602}.Debug|Any CPU.Build.0 = Debug|Any CPU
		{9C973190-54A8-4D99-99F8-E823F0C05602}.Release|Any CPU.ActiveCfg = Release|Any CPU
		{9C973190-54A8-4D99-99F8-E823F0C05602}.Release|Any CPU.Build.0 = Release|Any CPU
		{27E44D36-7EF0-42C9-B67A-F5C7B154A6DF}.Debug|Any CPU.ActiveCfg = Debug|Any CPU
		{27E44D36-7EF0-42C9-B67A-F5C7B154A6DF}.Debug|Any CPU.Build.0 = Debug|Any CPU
		{27E44D36-7EF0-42C9-B67A-F5C7B154A6DF}.Release|Any CPU.ActiveCfg = Release|Any CPU
		{27E44D36-7EF0-42C9-B67A-F5C7B154A6DF}.Release|Any CPU.Build.0 = Release|Any CPU
		{2A6E0393-DA89-494A-B467-47D84C230E8D}.Debug|Any CPU.ActiveCfg = Debug|Any CPU
		{2A6E0393-DA89-494A-B467-47D84C230E8D}.Debug|Any CPU.Build.0 = Debug|Any CPU
		{2A6E0393-DA89-494A-B467-47D84C230E8D}.Release|Any CPU.ActiveCfg = Release|Any CPU
		{2A6E0393-DA89-494A-B467-47D84C230E8D}.Release|Any CPU.Build.0 = Release|Any CPU
	EndGlobalSection
	GlobalSection(SolutionProperties) = preSolution
		HideSolutionNode = FALSE
	EndGlobalSection
	GlobalSection(ExtensibilityGlobals) = postSolution
		SolutionGuid = {41C1E783-4C89-47C9-8C24-77E095036649}
	EndGlobalSection
EndGlobal
